{
  "name": "foobarjs-ecommerce-app",
  "lockfileVersion": 3,
  "requires": true,
  "packages": {
    "": {
      "name": "foobarjs-ecommerce-app",
      "dependencies": {
        "foobarjs": "git+ssh://git@github.com/foobarjs/foobarjs.git#main"
      },
      "engines": {
        "node": ">=24.17.0"
      }
    },
    "node_modules/@foobarjs/cli": {
      "resolved": "node_modules/foobarjs/foobar",
      "link": true
    },
    "node_modules/@foobarjs/framework": {
      "resolved": "node_modules/foobarjs/foobarjs",
      "link": true
    },
    "node_modules/foobarjs": {
      "resolved": "git+ssh://git@github.com/foobarjs/foobarjs.git#7b69effb4c1bddd78c640f2c3aac4ca9efc9ef54",
      "workspaces": [
        "foobar",
        "foobarjs"
      ],
      "dependencies": {
        "@foobarjs/cli": "file:foobar",
        "@foobarjs/framework": "file:foobarjs"
      },
      "bin": {
        "foobar": "foobar/bin/foobar.js"
      },
      "engines": {
        "node": ">=24.17.0"
      }
    },
    "node_modules/foobarjs/foobar": {},
    "node_modules/foobarjs/foobarjs": {}
  }
}
