{
  "name": "foobarjs-demo",
  "version": "1.0.0",
  "lockfileVersion": 3,
  "requires": true,
  "packages": {
    "": {
      "name": "foobarjs-demo",
      "version": "1.0.0",
      "dependencies": {
        "foobarjs": "file:../framework"
      }
    },
    "../framework": {
      "name": "foobarjs",
      "version": "0.2.14",
      "license": "MIT",
      "dependencies": {
        "@hono/node-server": "^1.13.0",
        "@mikro-orm/core": "^7.0.0",
        "@mikro-orm/sqlite": "^7.0.0",
        "commander": "^12.0.0",
        "dayjs": "^1.11.21",
        "emailjs": "^5.0.0",
        "esbuild": "^0.25.0",
        "hono": "^4.0.0"
      },
      "bin": {
        "foobar": "src/bin.js"
      },
      "engines": {
        "node": ">=20"
      },
      "optionalDependencies": {
        "@mikro-orm/mongodb": "^7.0.0",
        "@mikro-orm/mysql": "^7.0.0",
        "@mikro-orm/postgresql": "^7.0.0",
        "ioredis": "^5.4.1",
        "sharp": "^0.33.0",
        "ws": "^8.18.0"
      }
    },
    "../framework/node_modules/@hono/node-server": {
      "resolved": "../node_modules/.pnpm/@hono+node-server@1.19.14_hono@4.12.28/node_modules/@hono/node-server",
      "link": true
    },
    "../framework/node_modules/@mikro-orm/core": {
      "resolved": "../node_modules/.pnpm/@mikro-orm+core@7.1.5/node_modules/@mikro-orm/core",
      "link": true
    },
    "../framework/node_modules/@mikro-orm/mongodb": {
      "resolved": "../node_modules/.pnpm/@mikro-orm+mongodb@7.1.5_@mikro-orm+core@7.1.5/node_modules/@mikro-orm/mongodb",
      "link": true
    },
    "../framework/node_modules/@mikro-orm/mysql": {
      "resolved": "../node_modules/.pnpm/@mikro-orm+mysql@7.1.5_@mikro-orm+core@7.1.5_@types+node@26.1.0/node_modules/@mikro-orm/mysql",
      "link": true
    },
    "../framework/node_modules/@mikro-orm/postgresql": {
      "resolved": "../node_modules/.pnpm/@mikro-orm+postgresql@7.1.5_@mikro-orm+core@7.1.5/node_modules/@mikro-orm/postgresql",
      "link": true
    },
    "../framework/node_modules/@mikro-orm/sqlite": {
      "resolved": "../node_modules/.pnpm/@mikro-orm+sqlite@7.1.5_@mikro-orm+core@7.1.5/node_modules/@mikro-orm/sqlite",
      "link": true
    },
    "../framework/node_modules/commander": {
      "resolved": "../node_modules/.pnpm/commander@12.1.0/node_modules/commander",
      "link": true
    },
    "../framework/node_modules/dayjs": {
      "resolved": "../node_modules/.pnpm/dayjs@1.11.21/node_modules/dayjs",
      "link": true
    },
    "../framework/node_modules/emailjs": {
      "resolved": "../node_modules/.pnpm/emailjs@5.0.1/node_modules/emailjs",
      "link": true
    },
    "../framework/node_modules/esbuild": {
      "resolved": "../node_modules/.pnpm/esbuild@0.25.12/node_modules/esbuild",
      "link": true
    },
    "../framework/node_modules/hono": {
      "resolved": "../node_modules/.pnpm/hono@4.12.28/node_modules/hono",
      "link": true
    },
    "../framework/node_modules/ioredis": {
      "resolved": "../node_modules/.pnpm/ioredis@5.11.1/node_modules/ioredis",
      "link": true
    },
    "../framework/node_modules/sharp": {
      "resolved": "../node_modules/.pnpm/sharp@0.33.5/node_modules/sharp",
      "link": true
    },
    "../framework/node_modules/ws": {
      "resolved": "../node_modules/.pnpm/ws@8.21.0/node_modules/ws",
      "link": true
    },
    "../node_modules/.pnpm/@hono+node-server@1.19.14_hono@4.12.28/node_modules/@hono/node-server": {
      "version": "1.19.14",
      "license": "MIT",
      "devDependencies": {
        "@hono/eslint-config": "^1.0.1",
        "@types/jest": "^29.5.3",
        "@types/node": "^20.10.0",
        "@types/supertest": "^2.0.12",
        "@whatwg-node/fetch": "^0.9.14",
        "eslint": "^9.10.0",
        "hono": "^4.4.10",
        "jest": "^29.6.1",
        "np": "^7.7.0",
        "prettier": "^3.2.4",
        "publint": "^0.1.16",
        "supertest": "^6.3.3",
        "ts-jest": "^29.1.1",
        "tsup": "^7.2.0",
        "typescript": "^5.3.2"
      },
      "engines": {
        "node": ">=18.14.1"
      },
      "peerDependencies": {
        "hono": "^4"
      }
    },
    "../node_modules/.pnpm/@mikro-orm+core@7.1.5/node_modules/@mikro-orm/core": {
      "version": "7.1.5",
      "license": "MIT",
      "engines": {
        "node": ">= 22.17.0"
      },
      "funding": {
        "url": "https://github.com/sponsors/b4nan"
      },
      "peerDependencies": {
        "dataloader": "2.2.3"
      },
      "peerDependenciesMeta": {
        "dataloader": {
          "optional": true
        }
      }
    },
    "../node_modules/.pnpm/@mikro-orm+mongodb@7.1.5_@mikro-orm+core@7.1.5/node_modules/@mikro-orm/mongodb": {
      "version": "7.1.5",
      "license": "MIT",
      "optional": true,
      "dependencies": {
        "mongodb": "7.3.0"
      },
      "devDependencies": {
        "@mikro-orm/core": "^7.1.5"
      },
      "engines": {
        "node": ">= 22.17.0"
      },
      "peerDependencies": {
        "@mikro-orm/core": "7.1.5"
      }
    },
    "../node_modules/.pnpm/@mikro-orm+mysql@7.1.5_@mikro-orm+core@7.1.5_@types+node@26.1.0/node_modules/@mikro-orm/mysql": {
      "version": "7.1.5",
      "license": "MIT",
      "optional": true,
      "dependencies": {
        "@mikro-orm/sql": "7.1.5",
        "kysely": "0.29.2",
        "mysql2": "3.22.5",
        "sqlstring": "2.3.3"
      },
      "devDependencies": {
        "@mikro-orm/core": "^7.1.5"
      },
      "engines": {
        "node": ">= 22.17.0"
      },
      "peerDependencies": {
        "@mikro-orm/core": "7.1.5"
      }
    },
    "../node_modules/.pnpm/@mikro-orm+postgresql@7.1.5_@mikro-orm+core@7.1.5/node_modules/@mikro-orm/postgresql": {
      "version": "7.1.5",
      "license": "MIT",
      "optional": true,
      "dependencies": {
        "@mikro-orm/sql": "7.1.5",
        "kysely": "0.29.2",
        "pg": "8.21.0",
        "pg-cursor": "2.20.0",
        "postgres-array": "3.0.4",
        "postgres-date": "2.1.0",
        "postgres-interval": "4.0.2"
      },
      "devDependencies": {
        "@mikro-orm/core": "^7.1.5"
      },
      "engines": {
        "node": ">= 22.17.0"
      },
      "peerDependencies": {
        "@mikro-orm/core": "7.1.5"
      }
    },
    "../node_modules/.pnpm/@mikro-orm+sqlite@7.1.5_@mikro-orm+core@7.1.5/node_modules/@mikro-orm/sqlite": {
      "version": "7.1.5",
      "license": "MIT",
      "dependencies": {
        "@mikro-orm/sql": "7.1.5",
        "better-sqlite3": "12.11.1",
        "kysely": "0.29.2"
      },
      "devDependencies": {
        "@mikro-orm/core": "^7.1.5"
      },
      "engines": {
        "node": ">= 22.17.0"
      },
      "peerDependencies": {
        "@mikro-orm/core": "7.1.5"
      }
    },
    "../node_modules/.pnpm/commander@12.1.0/node_modules/commander": {
      "version": "12.1.0",
      "license": "MIT",
      "devDependencies": {
        "@eslint/js": "^8.56.0",
        "@types/jest": "^29.2.4",
        "@types/node": "^20.2.5",
        "eslint": "^8.30.0",
        "eslint-config-prettier": "^9.1.0",
        "eslint-plugin-jest": "^28.3.0",
        "eslint-plugin-jsdoc": "^48.1.0",
        "globals": "^13.24.0",
        "jest": "^29.3.1",
        "prettier": "^3.2.5",
        "prettier-plugin-jsdoc": "^1.3.0",
        "ts-jest": "^29.0.3",
        "tsd": "^0.31.0",
        "typescript": "^5.0.4",
        "typescript-eslint": "^7.0.1"
      },
      "engines": {
        "node": ">=18"
      }
    },
    "../node_modules/.pnpm/dayjs@1.11.21/node_modules/dayjs": {
      "version": "1.11.21",
      "license": "MIT",
      "devDependencies": {
        "@babel/cli": "^7.0.0-beta.44",
        "@babel/core": "^7.0.0-beta.44",
        "@babel/node": "^7.0.0-beta.44",
        "@babel/preset-env": "^7.0.0-beta.44",
        "@semantic-release/github": "^11.0.4",
        "babel-core": "^7.0.0-bridge.0",
        "babel-jest": "^22.4.3",
        "babel-plugin-external-helpers": "^6.22.0",
        "cross-env": "^5.1.6",
        "eslint": "^4.19.1",
        "eslint-config-airbnb-base": "^12.1.0",
        "eslint-plugin-import": "^2.10.0",
        "eslint-plugin-jest": "^21.15.0",
        "gzip-size-cli": "^2.1.0",
        "jasmine-core": "^2.99.1",
        "jest": "^22.4.3",
        "karma": "^2.0.2",
        "karma-jasmine": "^1.1.2",
        "karma-sauce-launcher": "^1.1.0",
        "mockdate": "^2.0.2",
        "moment": "2.29.2",
        "moment-timezone": "0.5.31",
        "ncp": "^2.0.0",
        "pre-commit": "^1.2.2",
        "prettier": "^1.16.1",
        "rollup": "^2.45.1",
        "rollup-plugin-babel": "^4.4.0",
        "rollup-plugin-terser": "^7.0.2",
        "size-limit": "^0.18.0",
        "typescript": "^2.8.3"
      }
    },
    "../node_modules/.pnpm/emailjs@5.0.1/node_modules/emailjs": {
      "version": "5.0.1",
      "license": "MIT",
      "devDependencies": {
        "@eslint/js": "^9.17.0",
        "@types/mailparser": "3.4.0",
        "@types/node": "^22.10.2",
        "@types/smtp-server": "3.5.7",
        "@vitest/coverage-v8": "4.0.15",
        "eslint": "^9.17.0",
        "eslint-config-prettier": "^9.1.0",
        "eslint-plugin-prettier": "^5.2.1",
        "mailparser": "3.9.1",
        "prettier": "^3.4.2",
        "smtp-server": "3.17.1",
        "ts-node": "^10.9.2",
        "typescript": "^5.7.2",
        "typescript-eslint": "^8.18.1",
        "vitest": "4.0.15"
      },
      "engines": {
        "node": ">=18"
      },
      "peerDependencies": {
        "typescript": ">=5.0.0"
      },
      "peerDependenciesMeta": {
        "typescript": {
          "optional": true
        }
      }
    },
    "../node_modules/.pnpm/esbuild@0.25.12/node_modules/esbuild": {
      "version": "0.25.12",
      "hasInstallScript": true,
      "license": "MIT",
      "bin": {
        "esbuild": "bin/esbuild"
      },
      "engines": {
        "node": ">=18"
      },
      "optionalDependencies": {
        "@esbuild/aix-ppc64": "0.25.12",
        "@esbuild/android-arm": "0.25.12",
        "@esbuild/android-arm64": "0.25.12",
        "@esbuild/android-x64": "0.25.12",
        "@esbuild/darwin-arm64": "0.25.12",
        "@esbuild/darwin-x64": "0.25.12",
        "@esbuild/freebsd-arm64": "0.25.12",
        "@esbuild/freebsd-x64": "0.25.12",
        "@esbuild/linux-arm": "0.25.12",
        "@esbuild/linux-arm64": "0.25.12",
        "@esbuild/linux-ia32": "0.25.12",
        "@esbuild/linux-loong64": "0.25.12",
        "@esbuild/linux-mips64el": "0.25.12",
        "@esbuild/linux-ppc64": "0.25.12",
        "@esbuild/linux-riscv64": "0.25.12",
        "@esbuild/linux-s390x": "0.25.12",
        "@esbuild/linux-x64": "0.25.12",
        "@esbuild/netbsd-arm64": "0.25.12",
        "@esbuild/netbsd-x64": "0.25.12",
        "@esbuild/openbsd-arm64": "0.25.12",
        "@esbuild/openbsd-x64": "0.25.12",
        "@esbuild/openharmony-arm64": "0.25.12",
        "@esbuild/sunos-x64": "0.25.12",
        "@esbuild/win32-arm64": "0.25.12",
        "@esbuild/win32-ia32": "0.25.12",
        "@esbuild/win32-x64": "0.25.12"
      }
    },
    "../node_modules/.pnpm/hono@4.12.28/node_modules/hono": {
      "version": "4.12.28",
      "license": "MIT",
      "devDependencies": {
        "@hono/eslint-config": "^2.1.0",
        "@hono/node-server": "^2.0.2",
        "@types/jsdom": "^21.1.7",
        "@types/node": "^24.3.0",
        "@types/ws": "^8.18.1",
        "@typescript/native-preview": "7.0.0-dev.20260210.1",
        "@vitest/coverage-v8": "^4.1.7",
        "bun-types": "^1.2.20",
        "editorconfig-checker": "6.1.1",
        "esbuild": "^0.27.1",
        "eslint": "^9.39.3",
        "jsdom": "22.1.0",
        "msw": "^2.6.0",
        "np": "11.2.1",
        "oxc-parser": "^0.96.0",
        "pkg-pr-new": "^0.0.53",
        "prettier": "3.7.4",
        "publint": "0.3.15",
        "typescript": "^5.9.2",
        "undici": "^6.27.0",
        "vite-plugin-fastly-js-compute": "^0.4.2",
        "vitest": "^4.1.9",
        "wrangler": "4.107.0",
        "ws": "^8.21.0",
        "zod": "^3.23.8"
      },
      "engines": {
        "node": ">=16.9.0"
      }
    },
    "../node_modules/.pnpm/ioredis@5.11.1/node_modules/ioredis": {
      "version": "5.11.1",
      "license": "MIT",
      "optional": true,
      "dependencies": {
        "@ioredis/commands": "1.10.0",
        "cluster-key-slot": "1.1.1",
        "debug": "4.4.3",
        "denque": "2.1.0",
        "redis-errors": "1.2.0",
        "redis-parser": "3.0.0",
        "standard-as-callback": "2.1.0"
      },
      "devDependencies": {
        "@ioredis/interface-generator": "^1.3.0",
        "@semantic-release/changelog": "^6.0.1",
        "@semantic-release/commit-analyzer": "^9.0.2",
        "@semantic-release/git": "^10.0.1",
        "@types/chai": "^4.3.0",
        "@types/chai-as-promised": "^7.1.5",
        "@types/debug": "^4.1.5",
        "@types/mocha": "^9.1.0",
        "@types/node": "^14.18.12",
        "@types/redis-errors": "^1.2.1",
        "@types/sinon": "^10.0.11",
        "@typescript-eslint/eslint-plugin": "^5.48.1",
        "@typescript-eslint/parser": "^5.48.1",
        "chai": "^4.3.6",
        "chai-as-promised": "^7.1.1",
        "eslint": "^8.31.0",
        "eslint-config-prettier": "^8.6.0",
        "mocha": "^11.7.6",
        "nyc": "^15.1.0",
        "prettier": "^2.6.1",
        "semantic-release": "^19.0.2",
        "server-destroy": "^1.0.1",
        "sinon": "^13.0.1",
        "ts-node": "^10.4.0",
        "tsd": "^0.19.1",
        "typedoc": "^0.22.18",
        "typescript": "^4.6.3",
        "uuid": "^9.0.0"
      },
      "engines": {
        "node": ">=12.22.0"
      },
      "funding": {
        "type": "opencollective",
        "url": "https://opencollective.com/ioredis"
      }
    },
    "../node_modules/.pnpm/sharp@0.33.5/node_modules/sharp": {
      "version": "0.33.5",
      "hasInstallScript": true,
      "license": "Apache-2.0",
      "optional": true,
      "dependencies": {
        "color": "^4.2.3",
        "detect-libc": "^2.0.3",
        "semver": "^7.6.3"
      },
      "devDependencies": {
        "@emnapi/runtime": "^1.2.0",
        "@img/sharp-libvips-dev": "1.0.4",
        "@img/sharp-libvips-dev-wasm32": "1.0.5",
        "@img/sharp-libvips-win32-ia32": "1.0.4",
        "@img/sharp-libvips-win32-x64": "1.0.4",
        "@types/node": "*",
        "async": "^3.2.5",
        "cc": "^3.0.1",
        "emnapi": "^1.2.0",
        "exif-reader": "^2.0.1",
        "extract-zip": "^2.0.1",
        "icc": "^3.0.0",
        "jsdoc-to-markdown": "^8.0.3",
        "license-checker": "^25.0.1",
        "mocha": "^10.7.3",
        "node-addon-api": "^8.1.0",
        "nyc": "^17.0.0",
        "prebuild": "^13.0.1",
        "semistandard": "^17.0.0",
        "tar-fs": "^3.0.6",
        "tsd": "^0.31.1"
      },
      "engines": {
        "node": "^18.17.0 || ^20.3.0 || >=21.0.0"
      },
      "funding": {
        "url": "https://opencollective.com/libvips"
      },
      "optionalDependencies": {
        "@img/sharp-darwin-arm64": "0.33.5",
        "@img/sharp-darwin-x64": "0.33.5",
        "@img/sharp-libvips-darwin-arm64": "1.0.4",
        "@img/sharp-libvips-darwin-x64": "1.0.4",
        "@img/sharp-libvips-linux-arm": "1.0.5",
        "@img/sharp-libvips-linux-arm64": "1.0.4",
        "@img/sharp-libvips-linux-s390x": "1.0.4",
        "@img/sharp-libvips-linux-x64": "1.0.4",
        "@img/sharp-libvips-linuxmusl-arm64": "1.0.4",
        "@img/sharp-libvips-linuxmusl-x64": "1.0.4",
        "@img/sharp-linux-arm": "0.33.5",
        "@img/sharp-linux-arm64": "0.33.5",
        "@img/sharp-linux-s390x": "0.33.5",
        "@img/sharp-linux-x64": "0.33.5",
        "@img/sharp-linuxmusl-arm64": "0.33.5",
        "@img/sharp-linuxmusl-x64": "0.33.5",
        "@img/sharp-wasm32": "0.33.5",
        "@img/sharp-win32-ia32": "0.33.5",
        "@img/sharp-win32-x64": "0.33.5"
      }
    },
    "../node_modules/.pnpm/ws@8.21.0/node_modules/ws": {
      "version": "8.21.0",
      "license": "MIT",
      "optional": true,
      "devDependencies": {
        "@eslint/js": "^10.0.1",
        "benchmark": "^2.1.4",
        "bufferutil": "^4.0.1",
        "eslint": "^10.0.1",
        "eslint-config-prettier": "^10.0.1",
        "eslint-plugin-prettier": "^5.0.0",
        "globals": "^17.0.0",
        "mocha": "^8.4.0",
        "nyc": "^15.0.0",
        "prettier": "^3.0.0",
        "utf-8-validate": "^6.0.0"
      },
      "engines": {
        "node": ">=10.0.0"
      },
      "peerDependencies": {
        "bufferutil": "^4.0.1",
        "utf-8-validate": ">=5.0.2"
      },
      "peerDependenciesMeta": {
        "bufferutil": {
          "optional": true
        },
        "utf-8-validate": {
          "optional": true
        }
      }
    },
    "node_modules/foobarjs": {
      "resolved": "../framework",
      "link": true
    }
  }
}
